
Microsoft Visual Studio Solution File, Format Version 12.00
# Visual Studio Version 17
VisualStudioVersion = 17.8.34330.188
MinimumVisualStudioVersion = 10.0.40219.1
Project("{9A19103F-16F7-4668-BE54-9A1E7A4F7556}") = "Sever", "Sever\Sever.csproj", "{6BFB0D80-A32E-4E3B-B898-D717753689E7}"
EndProject
Project("{9A19103F-16F7-4668-BE54-9A1E7A4F7556}") = "Client", "Client\Client.csproj", "{91787A49-8052-4EFC-9BE2-346E27D144C4}"
EndProject
Global
	GlobalSection(SolutionConfigurationPlatforms) = preSolution
		Debug|Any CPU = Debug|Any CPU
		Release|Any CPU = Release|Any CPU
	EndGlobalSection
	GlobalSection(ProjectConfigurationPlatforms) = postSolution
		{6BFB0D80-A32E-4E3B-B898-D717753689E7}.Debug|Any CPU.ActiveCfg = Debug|Any CPU
		{6BFB0D80-A32E-4E3B-B898-D717753689E7}.Debug|Any CPU.Build.0 = Debug|Any CPU
		{6BFB0D80-A32E-4E3B-B898-D717753689E7}.Release|Any CPU.ActiveCfg = Release|Any CPU
		{6BFB0D80-A32E-4E3B-B898-D717753689E7}.Release|Any CPU.Build.0 = Release|Any CPU
		{91787A49-8052-4EFC-9BE2-346E27D144C4}.Debug|Any CPU.ActiveCfg = Debug|Any CPU
		{91787A49-8052-4EFC-9BE2-346E27D144C4}.Debug|Any CPU.Build.0 = Debug|Any CPU
		{91787A49-8052-4EFC-9BE2-346E27D144C4}.Release|Any CPU.ActiveCfg = Release|Any CPU
		{91787A49-8052-4EFC-9BE2-346E27D144C4}.Release|Any CPU.Build.0 = Release|Any CPU
	EndGlobalSection
	GlobalSection(SolutionProperties) = preSolution
		HideSolutionNode = FALSE
	EndGlobalSection
	GlobalSection(ExtensibilityGlobals) = postSolution
		SolutionGuid = {70629F64-0F90-4D76-B314-5C60AD0F11B6}
	EndGlobalSection
EndGlobal
